
Microsoft Visual Studio Solution File, Format Version 12.00
# Visual Studio Version 17
VisualStudioVersion = 17.14.36518.9 d17.14
MinimumVisualStudioVersion = 10.0.40219.1
Project("{FAE04EC0-301F-11D3-BF4B-00C04F79EFBC}") = "k2u2", "k2u2\k2u2.csproj", "{945ACB26-384A-496D-9BB7-FDB6862695B6}"
EndProject
Global
	GlobalSection(SolutionConfigurationPlatforms) = preSolution
		Debug|Any CPU = Debug|Any CPU
		Release|Any CPU = Release|Any CPU
	EndGlobalSection
	GlobalSection(ProjectConfigurationPlatforms) = postSolution
		{945ACB26-384A-496D-9BB7-FDB6862695B6}.Debug|Any CPU.ActiveCfg = Debug|Any CPU
		{945ACB26-384A-496D-9BB7-FDB6862695B6}.Debug|Any CPU.Build.0 = Debug|Any CPU
		{945ACB26-384A-496D-9BB7-FDB6862695B6}.Release|Any CPU.ActiveCfg = Release|Any CPU
		{945ACB26-384A-496D-9BB7-FDB6862695B6}.Release|Any CPU.Build.0 = Release|Any CPU
	EndGlobalSection
	GlobalSection(SolutionProperties) = preSolution
		HideSolutionNode = FALSE
	EndGlobalSection
	GlobalSection(ExtensibilityGlobals) = postSolution
		SolutionGuid = {2E919053-93EE-4485-8D3B-48257804766E}
	EndGlobalSection
EndGlobal
